
Microsoft Visual Studio Solution File, Format Version 12.00
# Visual Studio Version 17
VisualStudioVersion = 17.5.33502.453
MinimumVisualStudioVersion = 10.0.40219.1
Project("{FAE04EC0-301F-11D3-BF4B-00C04F79EFBC}") = "zadanie6", "zadanie6.csproj", "{5FF264D4-952D-47D5-B70C-33E76A74FB52}"
EndProject
Global
	GlobalSection(SolutionConfigurationPlatforms) = preSolution
		Debug|Any CPU = Debug|Any CPU
		Release|Any CPU = Release|Any CPU
	EndGlobalSection
	GlobalSection(ProjectConfigurationPlatforms) = postSolution
		{5FF264D4-952D-47D5-B70C-33E76A74FB52}.Debug|Any CPU.ActiveCfg = Debug|Any CPU
		{5FF264D4-952D-47D5-B70C-33E76A74FB52}.Debug|Any CPU.Build.0 = Debug|Any CPU
		{5FF264D4-952D-47D5-B70C-33E76A74FB52}.Release|Any CPU.ActiveCfg = Release|Any CPU
		{5FF264D4-952D-47D5-B70C-33E76A74FB52}.Release|Any CPU.Build.0 = Release|Any CPU
	EndGlobalSection
	GlobalSection(SolutionProperties) = preSolution
		HideSolutionNode = FALSE
	EndGlobalSection
	GlobalSection(ExtensibilityGlobals) = postSolution
		SolutionGuid = {D20FD3E8-097E-45D4-83A1-A6246B76A28D}
	EndGlobalSection
EndGlobal
