
Microsoft Visual Studio Solution File, Format Version 12.00
# Visual Studio Version 17
VisualStudioVersion = 17.5.33502.453
MinimumVisualStudioVersion = 10.0.40219.1
Project("{FAE04EC0-301F-11D3-BF4B-00C04F79EFBC}") = "zadanie5", "zadanie5.csproj", "{DB6E99D9-6D23-452B-BA28-DB2EBBA5F07E}"
EndProject
Global
	GlobalSection(SolutionConfigurationPlatforms) = preSolution
		Debug|Any CPU = Debug|Any CPU
		Release|Any CPU = Release|Any CPU
	EndGlobalSection
	GlobalSection(ProjectConfigurationPlatforms) = postSolution
		{DB6E99D9-6D23-452B-BA28-DB2EBBA5F07E}.Debug|Any CPU.ActiveCfg = Debug|Any CPU
		{DB6E99D9-6D23-452B-BA28-DB2EBBA5F07E}.Debug|Any CPU.Build.0 = Debug|Any CPU
		{DB6E99D9-6D23-452B-BA28-DB2EBBA5F07E}.Release|Any CPU.ActiveCfg = Release|Any CPU
		{DB6E99D9-6D23-452B-BA28-DB2EBBA5F07E}.Release|Any CPU.Build.0 = Release|Any CPU
	EndGlobalSection
	GlobalSection(SolutionProperties) = preSolution
		HideSolutionNode = FALSE
	EndGlobalSection
	GlobalSection(ExtensibilityGlobals) = postSolution
		SolutionGuid = {D8A8A21C-9303-47C7-85E4-3985058345B3}
	EndGlobalSection
EndGlobal
